<?xml version="1.0" encoding="utf-8"?>
<Project ToolsVersion="4.0" xmlns="http://schemas.microsoft.com/developer/msbuild/2003">
  <ItemGroup>
    <Filter Include="Source Files">
      <UniqueIdentifier>{4FC737F1-C7A5-4376-A066-2A32D752A2FF}</UniqueIdentifier>
      <Extensions>cpp;c;cc;cxx;def;odl;idl;hpj;bat;asm;asmx</Extensions>
    </Filter>
    <Filter Include="Header Files">
      <UniqueIdentifier>{93995380-89BD-4b04-88EB-625FBE52EBFB}</UniqueIdentifier>
      <Extensions>h;hh;hpp;hxx;hm;inl;inc;xsd</Extensions>
    </Filter>
    <Filter Include="Resource Files">
      <UniqueIdentifier>{67DA6AB6-F800-4c08-8B7A-83BB121AAD01}</UniqueIdentifier>
      <Extensions>rc;ico;cur;bmp;dlg;rc2;rct;bin;rgs;gif;jpg;jpeg;jpe;resx;tiff;tif;png;wav;mfcribbon-ms</Extensions>
    </Filter>
  </ItemGroup>
  <ItemGroup>
    <ClInclude Include="..\Persistence\sqlite3.h">
      <Filter>Header Files</Filter>
    </ClInclude>
    <ClInclude Include="..\REST_Impl\Registration.h">
      <Filter>Header Files</Filter>
    </ClInclude>
    <ClInclude Include="..\WebUI\application.h">
      <Filter>Header Files</Filter>
    </ClInclude>
    <ClInclude Include="..\Controller\CommonController.h">
      <Filter>Header Files</Filter>
    </ClInclude>
    <ClInclude Include="..\Controller\OperationStatus.h">
      <Filter>Header Files</Filter>
    </ClInclude>
    <ClInclude Include="..\common\CommonUtils.h">
      <Filter>Header Files</Filter>
    </ClInclude>
    <ClInclude Include="..\Persistence\Trader.h">
      <Filter>Header Files</Filter>
    </ClInclude>
    <ClInclude Include="..\REST_Impl\Quote.h">
      <Filter>Header Files</Filter>
    </ClInclude>
    <ClInclude Include="..\Persistence\Stock.h">
      <Filter>Header Files</Filter>
    </ClInclude>
    <ClInclude Include="..\REST_Impl\Transactions.h">
      <Filter>Header Files</Filter>
    </ClInclude>
    <ClInclude Include="..\Persistence\Stock_Transaction.h">
      <Filter>Header Files</Filter>
    </ClInclude>
    <ClInclude Include="..\REST_Impl\PortfolioList.h">
      <Filter>Header Files</Filter>
    </ClInclude>
    <ClInclude Include="..\Persistence\Portfolio.h">
      <Filter>Header Files</Filter>
    </ClInclude>
    <ClInclude Include="..\REST_Impl\Buy.h">
      <Filter>Header Files</Filter>
    </ClInclude>
    <ClInclude Include="..\Persistence\BuyPersistence.h">
      <Filter>Header Files</Filter>
    </ClInclude>
    <ClInclude Include="..\REST_Impl\Sell.h">
      <Filter>Header Files</Filter>
    </ClInclude>
    <ClInclude Include="..\Persistence\SellPersistence.h">
      <Filter>Header Files</Filter>
    </ClInclude>
  </ItemGroup>
  <ItemGroup>
    <ClCompile Include="..\REST_Impl\Registration.cpp">
      <Filter>Source Files</Filter>
    </ClCompile>
    <ClCompile Include="..\WebUI\application.cpp">
      <Filter>Source Files</Filter>
    </ClCompile>
    <ClCompile Include="..\Persistence\sqlite3.c">
      <Filter>Source Files</Filter>
    </ClCompile>
    <ClCompile Include="..\application_main.cpp">
      <Filter>Source Files</Filter>
    </ClCompile>
    <ClCompile Include="..\Controller\CommonController.cpp">
      <Filter>Source Files</Filter>
    </ClCompile>
    <ClCompile Include="..\common\CommonUtils.cpp">
      <Filter>Source Files</Filter>
    </ClCompile>
    <ClCompile Include="..\Controller\OperationStatus.cpp">
      <Filter>Source Files</Filter>
    </ClCompile>
    <ClCompile Include="..\Persistence\Trader.cpp">
      <Filter>Source Files</Filter>
    </ClCompile>
    <ClCompile Include="..\REST_Impl\Quote.cpp">
      <Filter>Source Files</Filter>
    </ClCompile>
    <ClCompile Include="..\Persistence\Stock.cpp">
      <Filter>Source Files</Filter>
    </ClCompile>
    <ClCompile Include="..\REST_Impl\Transactions.cpp">
      <Filter>Source Files</Filter>
    </ClCompile>
    <ClCompile Include="..\Persistence\Stock_Transaction.cpp">
      <Filter>Source Files</Filter>
    </ClCompile>
    <ClCompile Include="..\REST_Impl\PortfolioList.cpp">
      <Filter>Source Files</Filter>
    </ClCompile>
    <ClCompile Include="..\Persistence\Portfolio.cpp">
      <Filter>Source Files</Filter>
    </ClCompile>
    <ClCompile Include="..\REST_Impl\Buy.cpp">
      <Filter>Source Files</Filter>
    </ClCompile>
    <ClCompile Include="..\Persistence\BuyPersistence.cpp">
      <Filter>Source Files</Filter>
    </ClCompile>
    <ClCompile Include="..\REST_Impl\Sell.cpp">
      <Filter>Source Files</Filter>
    </ClCompile>
    <ClCompile Include="..\Persistence\SellPersistence.cpp">
      <Filter>Source Files</Filter>
    </ClCompile>
  </ItemGroup>
</Project>